
Microsoft Visual Studio Solution File, Format Version 12.00
# Visual Studio Version 16
VisualStudioVersion = 16.0.30804.86
MinimumVisualStudioVersion = 10.0.40219.1
Project("{FAE04EC0-301F-11D3-BF4B-00C04F79EFBC}") = "Challengeweek15", "Challengeweek15.csproj", "{D9281F7E-B992-4E21-8EF3-0F75576198F3}"
EndProject
Global
	GlobalSection(SolutionConfigurationPlatforms) = preSolution
		Debug|Any CPU = Debug|Any CPU
		Release|Any CPU = Release|Any CPU
	EndGlobalSection
	GlobalSection(ProjectConfigurationPlatforms) = postSolution
		{D9281F7E-B992-4E21-8EF3-0F75576198F3}.Debug|Any CPU.ActiveCfg = Debug|Any CPU
		{D9281F7E-B992-4E21-8EF3-0F75576198F3}.Debug|Any CPU.Build.0 = Debug|Any CPU
		{D9281F7E-B992-4E21-8EF3-0F75576198F3}.Release|Any CPU.ActiveCfg = Release|Any CPU
		{D9281F7E-B992-4E21-8EF3-0F75576198F3}.Release|Any CPU.Build.0 = Release|Any CPU
	EndGlobalSection
	GlobalSection(SolutionProperties) = preSolution
		HideSolutionNode = FALSE
	EndGlobalSection
	GlobalSection(ExtensibilityGlobals) = postSolution
		SolutionGuid = {5469BDB0-9670-43A1-9F4B-C51CDB6AE314}
	EndGlobalSection
EndGlobal
